
Microsoft Visual Studio Solution File, Format Version 12.00
# Visual Studio Version 17
VisualStudioVersion = 17.5.33414.496
MinimumVisualStudioVersion = 10.0.40219.1
Project("{FAE04EC0-301F-11D3-BF4B-00C04F79EFBC}") = "PR_6", "PR_6.csproj", "{CC38232C-FFF8-4535-AF62-04A6E6CF2E77}"
EndProject
Global
	GlobalSection(SolutionConfigurationPlatforms) = preSolution
		Debug|Any CPU = Debug|Any CPU
		Release|Any CPU = Release|Any CPU
	EndGlobalSection
	GlobalSection(ProjectConfigurationPlatforms) = postSolution
		{CC38232C-FFF8-4535-AF62-04A6E6CF2E77}.Debug|Any CPU.ActiveCfg = Debug|Any CPU
		{CC38232C-FFF8-4535-AF62-04A6E6CF2E77}.Debug|Any CPU.Build.0 = Debug|Any CPU
		{CC38232C-FFF8-4535-AF62-04A6E6CF2E77}.Release|Any CPU.ActiveCfg = Release|Any CPU
		{CC38232C-FFF8-4535-AF62-04A6E6CF2E77}.Release|Any CPU.Build.0 = Release|Any CPU
	EndGlobalSection
	GlobalSection(SolutionProperties) = preSolution
		HideSolutionNode = FALSE
	EndGlobalSection
	GlobalSection(ExtensibilityGlobals) = postSolution
		SolutionGuid = {95A8D0F4-C084-4ED8-B280-11778A71C936}
	EndGlobalSection
EndGlobal
